# THIS IS AN AUTOGENERATED FILE. DO NOT EDIT THIS FILE DIRECTLY.
# yarn lockfile v1


"@angular/common@~2.4.1":
  version "2.4.1"
  resolved "https://registry.yarnpkg.com/@angular/common/-/common-2.4.1.tgz#a70167430574959c3423ac96ebdec98032d3500d"

"@angular/compiler-cli@~2.4.1":
  version "2.4.1"
  resolved "https://registry.yarnpkg.com/@angular/compiler-cli/-/compiler-cli-2.4.1.tgz#9291504197a199fee2f48353d67431a1a9e40833"
  dependencies:
    "@angular/tsc-wrapped" "0.5.0"
    minimist "^1.2.0"
    reflect-metadata "^0.1.2"

"@angular/compiler@~2.4.1":
  version "2.4.1"
  resolved "https://registry.yarnpkg.com/@angular/compiler/-/compiler-2.4.1.tgz#62b4fbfc53c934bd5def78db594cbf245b3f446a"

"@angular/core@~2.4.1":
  version "2.4.1"
  resolved "https://registry.yarnpkg.com/@angular/core/-/core-2.4.1.tgz#3a6d2dc7fd86fdebe4febae7eb28abad7d04c76a"

"@angular/forms@~2.4.1":
  version "2.4.1"
  resolved "https://registry.yarnpkg.com/@angular/forms/-/forms-2.4.1.tgz#440ff9b864b3b79c55423c9ce5863030a25767ce"

"@angular/http@~2.4.1":
  version "2.4.1"
  resolved "https://registry.yarnpkg.com/@angular/http/-/http-2.4.1.tgz#f06067e370c44d025ed00a03ef704f6c46ea59ac"

"@angular/material@2.0.0-beta.1":
  version "2.0.0-beta.1"
  resolved "https://registry.yarnpkg.com/@angular/material/-/material-2.0.0-beta.1.tgz#106a0b79fb2b48a7606a0682c4e5d0bbe03364a0"

"@angular/platform-browser-dynamic@~2.4.1":
  version "2.4.1"
  resolved "https://registry.yarnpkg.com/@angular/platform-browser-dynamic/-/platform-browser-dynamic-2.4.1.tgz#5fb72038f76c1e3646cea95f5b4722d67a4419dd"

"@angular/platform-browser@~2.4.1":
  version "2.4.1"
  resolved "https://registry.yarnpkg.com/@angular/platform-browser/-/platform-browser-2.4.1.tgz#4eaa829b450be34f0029796b6c3b99e27d3d5740"

"@angular/platform-server@~2.4.1":
  version "2.4.1"
  resolved "https://registry.yarnpkg.com/@angular/platform-server/-/platform-server-2.4.1.tgz#9e5e427b8226d1a073949effea00a4df352682de"
  dependencies:
    parse5 "^2.2.1"

"@angular/router@~3.4.1":
  version "3.4.1"
  resolved "https://registry.yarnpkg.com/@angular/router/-/router-3.4.1.tgz#079c8580943547a710f292026ac86a08d336a49d"

"@angular/tsc-wrapped@0.5.0":
  version "0.5.0"
  resolved "https://registry.yarnpkg.com/@angular/tsc-wrapped/-/tsc-wrapped-0.5.0.tgz#e50f81af02c6817dcaba22032e49ba8060d628b4"
  dependencies:
    tsickle "^0.2"

"@types/chai@^3.4.34":
  version "3.4.34"
  resolved "https://registry.yarnpkg.com/@types/chai/-/chai-3.4.34.tgz#d5335792823bb09cddd5e38c3d211b709183854d"

"@types/fs-extra@0.0.33":
  version "0.0.33"
  resolved "https://registry.yarnpkg.com/@types/fs-extra/-/fs-extra-0.0.33.tgz#a8719c417b080c012d3497b28e228ac09745fdf2"
  dependencies:
    "@types/node" "*"

"@types/handlebars@^4.0.31":
  version "4.0.31"
  resolved "https://registry.yarnpkg.com/@types/handlebars/-/handlebars-4.0.31.tgz#a7fba66fafe42713aee88eeca8db91192efe6e72"

"@types/highlight.js@^9.1.8":
  version "9.1.9"
  resolved "https://registry.yarnpkg.com/@types/highlight.js/-/highlight.js-9.1.9.tgz#ed6336955eaf233b75eb7923b9b1f373d045ef01"

"@types/lodash@^4.14.37":
  version "4.14.45"
  resolved "https://registry.yarnpkg.com/@types/lodash/-/lodash-4.14.45.tgz#db20238f23fa195d6fb8f9ff7988e8651fc8c302"

"@types/marked@0.0.28":
  version "0.0.28"
  resolved "https://registry.yarnpkg.com/@types/marked/-/marked-0.0.28.tgz#44ba754e9fa51432583e8eb30a7c4dd249b52faa"

"@types/minimatch@^2.0.29":
  version "2.0.29"
  resolved "https://registry.yarnpkg.com/@types/minimatch/-/minimatch-2.0.29.tgz#5002e14f75e2d71e564281df0431c8c1b4a2a36a"

"@types/mocha@^2.2.35":
  version "2.2.35"
  resolved "https://registry.yarnpkg.com/@types/mocha/-/mocha-2.2.35.tgz#dd3150b62a6de73368109308515c3aa86f81f1ec"

"@types/node@*", "@types/node@^6.0.55":
  version "6.0.55"
  resolved "https://registry.yarnpkg.com/@types/node/-/node-6.0.55.tgz#e5cb679a43561f42afd1bd6d58d3992ec8f31720"

"@types/shelljs@^0.3.32":
  version "0.3.33"
  resolved "https://registry.yarnpkg.com/@types/shelljs/-/shelljs-0.3.33.tgz#df613bddb88225ed09ce5c835f620dcaaf155e6b"
  dependencies:
    "@types/node" "*"

"@types/source-map@*":
  version "0.5.0"
  resolved "https://registry.yarnpkg.com/@types/source-map/-/source-map-0.5.0.tgz#dd34bbd8e32fe4e74f2e3d8ac07f8aa5b45a47ac"

"@types/tapable@*":
  version "0.2.3"
  resolved "https://registry.yarnpkg.com/@types/tapable/-/tapable-0.2.3.tgz#0888b0f20cc7e58e1c22a1888b4e963eefaa810a"

"@types/uglify-js@*":
  version "2.6.28"
  resolved "https://registry.yarnpkg.com/@types/uglify-js/-/uglify-js-2.6.28.tgz#1499b48ca3a44132250b318cdde25b8f45f0c616"
  dependencies:
    "@types/source-map" "*"

"@types/webpack@^2.1.0":
  version "2.1.0"
  resolved "https://registry.yarnpkg.com/@types/webpack/-/webpack-2.1.0.tgz#b94c93d139af80a1766ead206a7a20945ecec689"
  dependencies:
    "@types/tapable" "*"
    "@types/uglify-js" "*"

align-text@^0.1.1, align-text@^0.1.3:
  version "0.1.4"
  resolved "https://registry.yarnpkg.com/align-text/-/align-text-0.1.4.tgz#0cd90a561093f35d0a99256c22b7069433fad117"
  dependencies:
    kind-of "^3.0.2"
    longest "^1.0.1"
    repeat-string "^1.5.2"

amdefine@>=0.0.4:
  version "1.0.1"
  resolved "https://registry.yarnpkg.com/amdefine/-/amdefine-1.0.1.tgz#4a5282ac164729e93619bcfd3ad151f817ce91f5"

ansi-regex@^2.0.0:
  version "2.0.0"
  resolved "https://registry.yarnpkg.com/ansi-regex/-/ansi-regex-2.0.0.tgz#c5061b6e0ef8a81775e50f5d66151bf6bf371107"

ansi-styles@^2.2.1:
  version "2.2.1"
  resolved "https://registry.yarnpkg.com/ansi-styles/-/ansi-styles-2.2.1.tgz#b432dd3358b634cf75e1e4664368240533c1ddbe"

any-promise@^1.3.0:
  version "1.3.0"
  resolved "https://registry.yarnpkg.com/any-promise/-/any-promise-1.3.0.tgz#abc6afeedcea52e809cdc0376aed3ce39635d17f"

arrify@^1.0.0:
  version "1.0.1"
  resolved "https://registry.yarnpkg.com/arrify/-/arrify-1.0.1.tgz#898508da2226f380df904728456849c1501a4b0d"

assertion-error@^1.0.1:
  version "1.0.2"
  resolved "https://registry.yarnpkg.com/assertion-error/-/assertion-error-1.0.2.tgz#13ca515d86206da0bac66e834dd397d87581094c"

async@^1.4.0:
  version "1.5.2"
  resolved "https://registry.yarnpkg.com/async/-/async-1.5.2.tgz#ec6a61ae56480c0c3cb241c95618e20892f9672a"

async@~0.2.6:
  version "0.2.10"
  resolved "https://registry.yarnpkg.com/async/-/async-0.2.10.tgz#b6bbe0b0674b9d719708ca38de8c237cb526c3d1"

balanced-match@^0.4.1:
  version "0.4.2"
  resolved "https://registry.yarnpkg.com/balanced-match/-/balanced-match-0.4.2.tgz#cb3f3e3c732dc0f01ee70b403f302e61d7709838"

big.js@^3.1.3:
  version "3.1.3"
  resolved "https://registry.yarnpkg.com/big.js/-/big.js-3.1.3.tgz#4cada2193652eb3ca9ec8e55c9015669c9806978"

brace-expansion@^1.0.0:
  version "1.1.6"
  resolved "https://registry.yarnpkg.com/brace-expansion/-/brace-expansion-1.1.6.tgz#7197d7eaa9b87e648390ea61fc66c84427420df9"
  dependencies:
    balanced-match "^0.4.1"
    concat-map "0.0.1"

browser-stdout@1.3.0:
  version "1.3.0"
  resolved "https://registry.yarnpkg.com/browser-stdout/-/browser-stdout-1.3.0.tgz#f351d32969d32fa5d7a5567154263d928ae3bd1f"

camelcase@^1.0.2:
  version "1.2.1"
  resolved "https://registry.yarnpkg.com/camelcase/-/camelcase-1.2.1.tgz#9bb5304d2e0b56698b2c758b08a3eaa9daa58a39"

center-align@^0.1.1:
  version "0.1.3"
  resolved "https://registry.yarnpkg.com/center-align/-/center-align-0.1.3.tgz#aa0d32629b6ee972200411cbd4461c907bc2b7ad"
  dependencies:
    align-text "^0.1.3"
    lazy-cache "^1.0.3"

chai@^3.5.0:
  version "3.5.0"
  resolved "https://registry.yarnpkg.com/chai/-/chai-3.5.0.tgz#4d02637b067fe958bdbfdd3a40ec56fef7373247"
  dependencies:
    assertion-error "^1.0.1"
    deep-eql "^0.1.3"
    type-detect "^1.0.0"

chalk@^1.1.1:
  version "1.1.3"
  resolved "https://registry.yarnpkg.com/chalk/-/chalk-1.1.3.tgz#a8115c55e4a702fe4d150abd3872822a7e09fc98"
  dependencies:
    ansi-styles "^2.2.1"
    escape-string-regexp "^1.0.2"
    has-ansi "^2.0.0"
    strip-ansi "^3.0.0"
    supports-color "^2.0.0"

cliui@^2.1.0:
  version "2.1.0"
  resolved "https://registry.yarnpkg.com/cliui/-/cliui-2.1.0.tgz#4b475760ff80264c762c3a1719032e91c7fea0d1"
  dependencies:
    center-align "^0.1.1"
    right-align "^0.1.1"
    wordwrap "0.0.2"

commander@2.9.0:
  version "2.9.0"
  resolved "https://registry.yarnpkg.com/commander/-/commander-2.9.0.tgz#9c99094176e12240cb22d6c5146098400fe0f7d4"
  dependencies:
    graceful-readlink ">= 1.0.0"

concat-map@0.0.1:
  version "0.0.1"
  resolved "https://registry.yarnpkg.com/concat-map/-/concat-map-0.0.1.tgz#d8a96bd77fd68df7793a73036a3ba0d5405d477b"

debug@2.2.0:
  version "2.2.0"
  resolved "https://registry.yarnpkg.com/debug/-/debug-2.2.0.tgz#f87057e995b1a1f6ae6a4960664137bc56f039da"
  dependencies:
    ms "0.7.1"

decamelize@^1.0.0:
  version "1.2.0"
  resolved "https://registry.yarnpkg.com/decamelize/-/decamelize-1.2.0.tgz#f6534d15148269b20352e7bee26f501f9a191290"

deep-eql@^0.1.3:
  version "0.1.3"
  resolved "https://registry.yarnpkg.com/deep-eql/-/deep-eql-0.1.3.tgz#ef558acab8de25206cd713906d74e56930eb69f2"
  dependencies:
    type-detect "0.1.1"

diff@1.4.0:
  version "1.4.0"
  resolved "https://registry.yarnpkg.com/diff/-/diff-1.4.0.tgz#7f28d2eb9ee7b15a97efd89ce63dcfdaa3ccbabf"

diff@^3.1.0:
  version "3.2.0"
  resolved "https://registry.yarnpkg.com/diff/-/diff-3.2.0.tgz#c9ce393a4b7cbd0b058a725c93df299027868ff9"

emojis-list@^2.0.0:
  version "2.1.0"
  resolved "https://registry.yarnpkg.com/emojis-list/-/emojis-list-2.1.0.tgz#4daa4d9db00f9819880c79fa457ae5b09a1fd389"

error-ex@^1.2.0:
  version "1.3.0"
  resolved "https://registry.yarnpkg.com/error-ex/-/error-ex-1.3.0.tgz#e67b43f3e82c96ea3a584ffee0b9fc3325d802d9"
  dependencies:
    is-arrayish "^0.2.1"

escape-string-regexp@1.0.5, escape-string-regexp@^1.0.2:
  version "1.0.5"
  resolved "https://registry.yarnpkg.com/escape-string-regexp/-/escape-string-regexp-1.0.5.tgz#1b61c0562190a8dff6ae3bb2cf0200ca130b86d4"

fs-extra@^0.22.1:
  version "0.22.1"
  resolved "https://registry.yarnpkg.com/fs-extra/-/fs-extra-0.22.1.tgz#5fd6f8049dc976ca19eb2355d658173cabcce056"
  dependencies:
    graceful-fs "^4.1.2"
    jsonfile "^2.1.0"
    rimraf "^2.2.8"

fs-extra@^0.30.0:
  version "0.30.0"
  resolved "https://registry.yarnpkg.com/fs-extra/-/fs-extra-0.30.0.tgz#f233ffcc08d4da7d432daa449776989db1df93f0"
  dependencies:
    graceful-fs "^4.1.2"
    jsonfile "^2.1.0"
    klaw "^1.0.0"
    path-is-absolute "^1.0.0"
    rimraf "^2.2.8"

fs.realpath@^1.0.0:
  version "1.0.0"
  resolved "https://registry.yarnpkg.com/fs.realpath/-/fs.realpath-1.0.0.tgz#1504ad2523158caa40db4a2787cb01411994ea4f"

glob@7.0.5, glob@^7.0.0, glob@^7.0.5:
  version "7.0.5"
  resolved "https://registry.yarnpkg.com/glob/-/glob-7.0.5.tgz#b4202a69099bbb4d292a7c1b95b6682b67ebdc95"
  dependencies:
    fs.realpath "^1.0.0"
    inflight "^1.0.4"
    inherits "2"
    minimatch "^3.0.2"
    once "^1.3.0"
    path-is-absolute "^1.0.0"

graceful-fs@^4.1.2, graceful-fs@^4.1.6, graceful-fs@^4.1.9:
  version "4.1.11"
  resolved "https://registry.yarnpkg.com/graceful-fs/-/graceful-fs-4.1.11.tgz#0e8bdfe4d1ddb8854d64e04ea7c00e2a026e5658"

"graceful-readlink@>= 1.0.0":
  version "1.0.1"
  resolved "https://registry.yarnpkg.com/graceful-readlink/-/graceful-readlink-1.0.1.tgz#4cafad76bc62f02fa039b2f94e9a3dd3a391a725"

growl@1.9.2:
  version "1.9.2"
  resolved "https://registry.yarnpkg.com/growl/-/growl-1.9.2.tgz#0ea7743715db8d8de2c5ede1775e1b45ac85c02f"

handlebars@3.0.3:
  version "3.0.3"
  resolved "https://registry.yarnpkg.com/handlebars/-/handlebars-3.0.3.tgz#0e09651a2f0fb3c949160583710d551f92e6d2ad"
  dependencies:
    optimist "^0.6.1"
    source-map "^0.1.40"
  optionalDependencies:
    uglify-js "~2.3"

handlebars@4.0.5:
  version "4.0.5"
  resolved "https://registry.yarnpkg.com/handlebars/-/handlebars-4.0.5.tgz#92c6ed6bb164110c50d4d8d0fbddc70806c6f8e7"
  dependencies:
    async "^1.4.0"
    optimist "^0.6.1"
    source-map "^0.4.4"
  optionalDependencies:
    uglify-js "^2.6"

has-ansi@^2.0.0:
  version "2.0.0"
  resolved "https://registry.yarnpkg.com/has-ansi/-/has-ansi-2.0.0.tgz#34f5049ce1ecdf2b0649af3ef24e45ed35416d91"
  dependencies:
    ansi-regex "^2.0.0"

has-flag@^1.0.0:
  version "1.0.0"
  resolved "https://registry.yarnpkg.com/has-flag/-/has-flag-1.0.0.tgz#9d9e793165ce017a00f00418c43f942a7b1d11fa"

highlight.js@^8.6.0:
  version "8.9.1"
  resolved "https://registry.yarnpkg.com/highlight.js/-/highlight.js-8.9.1.tgz#b8a9c5493212a9392f0222b649c9611497ebfb88"

highlight.js@^9.0.0:
  version "9.9.0"
  resolved "https://registry.yarnpkg.com/highlight.js/-/highlight.js-9.9.0.tgz#b9995dcfdc2773e307a34f0460d92b9a474782c0"

inflight@^1.0.4:
  version "1.0.6"
  resolved "https://registry.yarnpkg.com/inflight/-/inflight-1.0.6.tgz#49bd6331d7d02d0c09bc910a1075ba8165b56df9"
  dependencies:
    once "^1.3.0"
    wrappy "1"

inherits@2:
  version "2.0.3"
  resolved "https://registry.yarnpkg.com/inherits/-/inherits-2.0.3.tgz#633c2c83e3da42a502f52466022480f4208261de"

interpret@^1.0.0:
  version "1.0.1"
  resolved "https://registry.yarnpkg.com/interpret/-/interpret-1.0.1.tgz#d579fb7f693b858004947af39fa0db49f795602c"

is-arrayish@^0.2.1:
  version "0.2.1"
  resolved "https://registry.yarnpkg.com/is-arrayish/-/is-arrayish-0.2.1.tgz#77c99840527aa8ecb1a8ba697b80645a7a926a9d"

is-buffer@^1.0.2:
  version "1.1.4"
  resolved "https://registry.yarnpkg.com/is-buffer/-/is-buffer-1.1.4.tgz#cfc86ccd5dc5a52fa80489111c6920c457e2d98b"

is-utf8@^0.2.0:
  version "0.2.1"
  resolved "https://registry.yarnpkg.com/is-utf8/-/is-utf8-0.2.1.tgz#4b0da1442104d1b336340e80797e865cf39f7d72"

json3@3.3.2:
  version "3.3.2"
  resolved "https://registry.yarnpkg.com/json3/-/json3-3.3.2.tgz#3c0434743df93e2f5c42aee7b19bcb483575f4e1"

json5@^0.5.0:
  version "0.5.1"
  resolved "https://registry.yarnpkg.com/json5/-/json5-0.5.1.tgz#1eade7acc012034ad84e2396767ead9fa5495821"

jsonfile@^2.1.0:
  version "2.4.0"
  resolved "https://registry.yarnpkg.com/jsonfile/-/jsonfile-2.4.0.tgz#3736a2b428b87bbda0cc83b53fa3d633a35c2ae8"
  optionalDependencies:
    graceful-fs "^4.1.6"

kind-of@^3.0.2:
  version "3.1.0"
  resolved "https://registry.yarnpkg.com/kind-of/-/kind-of-3.1.0.tgz#475d698a5e49ff5e53d14e3e732429dc8bf4cf47"
  dependencies:
    is-buffer "^1.0.2"

klaw@^1.0.0:
  version "1.3.1"
  resolved "https://registry.yarnpkg.com/klaw/-/klaw-1.3.1.tgz#4088433b46b3b1ba259d78785d8e96f73ba02439"
  optionalDependencies:
    graceful-fs "^4.1.9"

lazy-cache@^1.0.3:
  version "1.0.4"
  resolved "https://registry.yarnpkg.com/lazy-cache/-/lazy-cache-1.0.4.tgz#a1d78fc3a50474cb80845d3b3b6e1da49a446e8e"

loader-utils@^0.2.16:
  version "0.2.16"
  resolved "https://registry.yarnpkg.com/loader-utils/-/loader-utils-0.2.16.tgz#f08632066ed8282835dff88dfb52704765adee6d"
  dependencies:
    big.js "^3.1.3"
    emojis-list "^2.0.0"
    json5 "^0.5.0"
    object-assign "^4.0.1"

lodash._baseassign@^3.0.0:
  version "3.2.0"
  resolved "https://registry.yarnpkg.com/lodash._baseassign/-/lodash._baseassign-3.2.0.tgz#8c38a099500f215ad09e59f1722fd0c52bfe0a4e"
  dependencies:
    lodash._basecopy "^3.0.0"
    lodash.keys "^3.0.0"

lodash._basecopy@^3.0.0:
  version "3.0.1"
  resolved "https://registry.yarnpkg.com/lodash._basecopy/-/lodash._basecopy-3.0.1.tgz#8da0e6a876cf344c0ad8a54882111dd3c5c7ca36"

lodash._basecreate@^3.0.0:
  version "3.0.3"
  resolved "https://registry.yarnpkg.com/lodash._basecreate/-/lodash._basecreate-3.0.3.tgz#1bc661614daa7fc311b7d03bf16806a0213cf821"

lodash._getnative@^3.0.0:
  version "3.9.1"
  resolved "https://registry.yarnpkg.com/lodash._getnative/-/lodash._getnative-3.9.1.tgz#570bc7dede46d61cdcde687d65d3eecbaa3aaff5"

lodash._isiterateecall@^3.0.0:
  version "3.0.9"
  resolved "https://registry.yarnpkg.com/lodash._isiterateecall/-/lodash._isiterateecall-3.0.9.tgz#5203ad7ba425fae842460e696db9cf3e6aac057c"

lodash.create@3.1.1:
  version "3.1.1"
  resolved "https://registry.yarnpkg.com/lodash.create/-/lodash.create-3.1.1.tgz#d7f2849f0dbda7e04682bb8cd72ab022461debe7"
  dependencies:
    lodash._baseassign "^3.0.0"
    lodash._basecreate "^3.0.0"
    lodash._isiterateecall "^3.0.0"

lodash.isarguments@^3.0.0:
  version "3.1.0"
  resolved "https://registry.yarnpkg.com/lodash.isarguments/-/lodash.isarguments-3.1.0.tgz#2f573d85c6a24289ff00663b491c1d338ff3458a"

lodash.isarray@^3.0.0:
  version "3.0.4"
  resolved "https://registry.yarnpkg.com/lodash.isarray/-/lodash.isarray-3.0.4.tgz#79e4eb88c36a8122af86f844aa9bcd851b5fbb55"

lodash.keys@^3.0.0:
  version "3.1.2"
  resolved "https://registry.yarnpkg.com/lodash.keys/-/lodash.keys-3.1.2.tgz#4dbc0472b156be50a0b286855d1bd0b0c656098a"
  dependencies:
    lodash._getnative "^3.0.0"
    lodash.isarguments "^3.0.0"
    lodash.isarray "^3.0.0"

lodash@^4.13.1:
  version "4.17.4"
  resolved "https://registry.yarnpkg.com/lodash/-/lodash-4.17.4.tgz#78203a4d1c328ae1d86dca6460e369b57f4055ae"

longest@^1.0.1:
  version "1.0.1"
  resolved "https://registry.yarnpkg.com/longest/-/longest-1.0.1.tgz#30a0b2da38f73770e8294a0d22e6625ed77d0097"

make-error@^1.1.1:
  version "1.2.1"
  resolved "https://registry.yarnpkg.com/make-error/-/make-error-1.2.1.tgz#9a6dfb4844423b9f145806728d05c6e935670e75"

marked@^0.3.3, marked@^0.3.5:
  version "0.3.6"
  resolved "https://registry.yarnpkg.com/marked/-/marked-0.3.6.tgz#b2c6c618fccece4ef86c4fc6cb8a7cbf5aeda8d7"

minimatch@^2.0.10:
  version "2.0.10"
  resolved "https://registry.yarnpkg.com/minimatch/-/minimatch-2.0.10.tgz#8d087c39c6b38c001b97fca7ce6d0e1e80afbac7"
  dependencies:
    brace-expansion "^1.0.0"

minimatch@^3.0.0, minimatch@^3.0.2:
  version "3.0.3"
  resolved "https://registry.yarnpkg.com/minimatch/-/minimatch-3.0.3.tgz#2a4e4090b96b2db06a9d7df01055a62a77c9b774"
  dependencies:
    brace-expansion "^1.0.0"

minimist@0.0.8, minimist@~0.0.1:
  version "0.0.8"
  resolved "https://registry.yarnpkg.com/minimist/-/minimist-0.0.8.tgz#857fcabfc3397d2625b8228262e86aa7a011b05d"

minimist@^1.2.0:
  version "1.2.0"
  resolved "https://registry.yarnpkg.com/minimist/-/minimist-1.2.0.tgz#a35008b20f41383eec1fb914f4cd5df79a264284"

mkdirp@0.5.1, mkdirp@^0.5.1:
  version "0.5.1"
  resolved "https://registry.yarnpkg.com/mkdirp/-/mkdirp-0.5.1.tgz#30057438eac6cf7f8c4767f38648d6697d75c903"
  dependencies:
    minimist "0.0.8"

mocha@^3.2.0:
  version "3.2.0"
  resolved "https://registry.yarnpkg.com/mocha/-/mocha-3.2.0.tgz#7dc4f45e5088075171a68896814e6ae9eb7a85e3"
  dependencies:
    browser-stdout "1.3.0"
    commander "2.9.0"
    debug "2.2.0"
    diff "1.4.0"
    escape-string-regexp "1.0.5"
    glob "7.0.5"
    growl "1.9.2"
    json3 "3.3.2"
    lodash.create "3.1.1"
    mkdirp "0.5.1"
    supports-color "3.1.2"

ms@0.7.1:
  version "0.7.1"
  resolved "https://registry.yarnpkg.com/ms/-/ms-0.7.1.tgz#9cd13c03adbff25b65effde7ce864ee952017098"

object-assign@^4.0.1:
  version "4.1.0"
  resolved "https://registry.yarnpkg.com/object-assign/-/object-assign-4.1.0.tgz#7a3b3d0e98063d43f4c03f2e8ae6cd51a86883a0"

once@^1.3.0:
  version "1.4.0"
  resolved "https://registry.yarnpkg.com/once/-/once-1.4.0.tgz#583b1aa775961d4b113ac17d9c50baef9dd76bd1"
  dependencies:
    wrappy "1"

optimist@^0.6.1:
  version "0.6.1"
  resolved "https://registry.yarnpkg.com/optimist/-/optimist-0.6.1.tgz#da3ea74686fa21a19a111c326e90eb15a0196686"
  dependencies:
    minimist "~0.0.1"
    wordwrap "~0.0.2"

optimist@~0.3.5:
  version "0.3.7"
  resolved "https://registry.yarnpkg.com/optimist/-/optimist-0.3.7.tgz#c90941ad59e4273328923074d2cf2e7cbc6ec0d9"
  dependencies:
    wordwrap "~0.0.2"

parse-json@^2.2.0:
  version "2.2.0"
  resolved "https://registry.yarnpkg.com/parse-json/-/parse-json-2.2.0.tgz#f480f40434ef80741f8469099f8dea18f55a4dc9"
  dependencies:
    error-ex "^1.2.0"

parse5@^2.2.1:
  version "2.2.3"
  resolved "https://registry.yarnpkg.com/parse5/-/parse5-2.2.3.tgz#0c4fc41c1000c5e6b93d48b03f8083837834e9f6"

path-is-absolute@^1.0.0:
  version "1.0.1"
  resolved "https://registry.yarnpkg.com/path-is-absolute/-/path-is-absolute-1.0.1.tgz#174b9268735534ffbc7ace6bf53a5a9e1b5c5f5f"

pinkie@^2.0.4:
  version "2.0.4"
  resolved "https://registry.yarnpkg.com/pinkie/-/pinkie-2.0.4.tgz#72556b80cfa0d48a974e80e77248e80ed4f7f870"

progress@^1.1.8:
  version "1.1.8"
  resolved "https://registry.yarnpkg.com/progress/-/progress-1.1.8.tgz#e260c78f6161cdd9b0e56cc3e0a85de17c7a57be"

rechoir@^0.6.2:
  version "0.6.2"
  resolved "https://registry.yarnpkg.com/rechoir/-/rechoir-0.6.2.tgz#85204b54dba82d5742e28c96756ef43af50e3384"
  dependencies:
    resolve "^1.1.6"

reflect-metadata@^0.1.2:
  version "0.1.9"
  resolved "https://registry.yarnpkg.com/reflect-metadata/-/reflect-metadata-0.1.9.tgz#987238dc87a516895fe457f130435ffbd763a4d4"

repeat-string@^1.5.2:
  version "1.6.1"
  resolved "https://registry.yarnpkg.com/repeat-string/-/repeat-string-1.6.1.tgz#8dcae470e1c88abc2d600fff4a776286da75e637"

resolve@^1.1.6:
  version "1.2.0"
  resolved "https://registry.yarnpkg.com/resolve/-/resolve-1.2.0.tgz#9589c3f2f6149d1417a40becc1663db6ec6bc26c"

right-align@^0.1.1:
  version "0.1.3"
  resolved "https://registry.yarnpkg.com/right-align/-/right-align-0.1.3.tgz#61339b722fe6a3515689210d24e14c96148613ef"
  dependencies:
    align-text "^0.1.1"

rimraf@^2.2.8:
  version "2.5.4"
  resolved "https://registry.yarnpkg.com/rimraf/-/rimraf-2.5.4.tgz#96800093cbf1a0c86bd95b4625467535c29dfa04"
  dependencies:
    glob "^7.0.5"

rxjs@^5.0.2:
  version "5.0.2"
  resolved "https://registry.yarnpkg.com/rxjs/-/rxjs-5.0.2.tgz#cc6513756daa93cab4085c1b5a19a3e28fb6c6bf"
  dependencies:
    symbol-observable "^1.0.1"

shelljs@^0.5.1:
  version "0.5.3"
  resolved "https://registry.yarnpkg.com/shelljs/-/shelljs-0.5.3.tgz#c54982b996c76ef0c1e6b59fbdc5825f5b713113"

shelljs@^0.7.0:
  version "0.7.5"
  resolved "https://registry.yarnpkg.com/shelljs/-/shelljs-0.7.5.tgz#2eef7a50a21e1ccf37da00df767ec69e30ad0675"
  dependencies:
    glob "^7.0.0"
    interpret "^1.0.0"
    rechoir "^0.6.2"

source-map-support@^0.4.0, source-map-support@^0.4.2:
  version "0.4.8"
  resolved "https://registry.yarnpkg.com/source-map-support/-/source-map-support-0.4.8.tgz#4871918d8a3af07289182e974e32844327b2e98b"
  dependencies:
    source-map "^0.5.3"

source-map@^0.1.40, source-map@~0.1.7:
  version "0.1.43"
  resolved "https://registry.yarnpkg.com/source-map/-/source-map-0.1.43.tgz#c24bc146ca517c1471f5dacbe2571b2b7f9e3346"
  dependencies:
    amdefine ">=0.0.4"

source-map@^0.4.4:
  version "0.4.4"
  resolved "https://registry.yarnpkg.com/source-map/-/source-map-0.4.4.tgz#eba4f5da9c0dc999de68032d8b4f76173652036b"
  dependencies:
    amdefine ">=0.0.4"

source-map@^0.5.3, source-map@^0.5.6, source-map@~0.5.1:
  version "0.5.6"
  resolved "https://registry.yarnpkg.com/source-map/-/source-map-0.5.6.tgz#75ce38f52bf0733c5a7f0c118d81334a2bb5f412"

strip-ansi@^3.0.0:
  version "3.0.1"
  resolved "https://registry.yarnpkg.com/strip-ansi/-/strip-ansi-3.0.1.tgz#6a385fb8853d952d5ff05d0e8aaf94278dc63dcf"
  dependencies:
    ansi-regex "^2.0.0"

strip-bom@^2.0.0:
  version "2.0.0"
  resolved "https://registry.yarnpkg.com/strip-bom/-/strip-bom-2.0.0.tgz#6219a85616520491f35788bdbf1447a99c7e6b0e"
  dependencies:
    is-utf8 "^0.2.0"

strip-json-comments@^2.0.0:
  version "2.0.1"
  resolved "https://registry.yarnpkg.com/strip-json-comments/-/strip-json-comments-2.0.1.tgz#3c531942e908c2697c0ec344858c286c7ca0a60a"

supports-color@3.1.2:
  version "3.1.2"
  resolved "https://registry.yarnpkg.com/supports-color/-/supports-color-3.1.2.tgz#72a262894d9d408b956ca05ff37b2ed8a6e2a2d5"
  dependencies:
    has-flag "^1.0.0"

supports-color@^2.0.0:
  version "2.0.0"
  resolved "https://registry.yarnpkg.com/supports-color/-/supports-color-2.0.0.tgz#535d045ce6b6363fa40117084629995e9df324c7"

symbol-observable@^1.0.1:
  version "1.0.4"
  resolved "https://registry.yarnpkg.com/symbol-observable/-/symbol-observable-1.0.4.tgz#29bf615d4aa7121bdd898b22d4b3f9bc4e2aa03d"

ts-node@^2.0.0:
  version "2.0.0"
  resolved "https://registry.yarnpkg.com/ts-node/-/ts-node-2.0.0.tgz#16e4fecc949088238b4cbf1c39c9582526b66f74"
  dependencies:
    arrify "^1.0.0"
    chalk "^1.1.1"
    diff "^3.1.0"
    make-error "^1.1.1"
    minimist "^1.2.0"
    mkdirp "^0.5.1"
    pinkie "^2.0.4"
    source-map-support "^0.4.0"
    tsconfig "^5.0.2"
    v8flags "^2.0.11"
    xtend "^4.0.0"
    yn "^1.2.0"

tsconfig@^5.0.2:
  version "5.0.3"
  resolved "https://registry.yarnpkg.com/tsconfig/-/tsconfig-5.0.3.tgz#5f4278e701800967a8fc383fd19648878f2a6e3a"
  dependencies:
    any-promise "^1.3.0"
    parse-json "^2.2.0"
    strip-bom "^2.0.0"
    strip-json-comments "^2.0.0"

tsickle@^0.2:
  version "0.2.3"
  resolved "https://registry.yarnpkg.com/tsickle/-/tsickle-0.2.3.tgz#3e7d3ff74bbecdadc011cfd747f991dcfd6503af"
  dependencies:
    minimist "^1.2.0"
    mkdirp "^0.5.1"
    source-map "^0.5.6"
    source-map-support "^0.4.2"

type-detect@0.1.1:
  version "0.1.1"
  resolved "https://registry.yarnpkg.com/type-detect/-/type-detect-0.1.1.tgz#0ba5ec2a885640e470ea4e8505971900dac58822"

type-detect@^1.0.0:
  version "1.0.0"
  resolved "https://registry.yarnpkg.com/type-detect/-/type-detect-1.0.0.tgz#762217cc06db258ec48908a1298e8b95121e8ea2"

typedoc-default-themes@0.3.4:
  version "0.3.4"
  resolved "https://registry.yarnpkg.com/typedoc-default-themes/-/typedoc-default-themes-0.3.4.tgz#5a387f9e9ead8f9a29431e62ac90c2243f5a6af6"

typedoc-default-themes@^0.4.0:
  version "0.4.1"
  resolved "https://registry.yarnpkg.com/typedoc-default-themes/-/typedoc-default-themes-0.4.1.tgz#98ebcf2202aac7711a06a9a8638f05ebd28b0e26"

typedoc-markdown-theme@^0.0.4:
  version "0.0.4"
  resolved "https://registry.yarnpkg.com/typedoc-markdown-theme/-/typedoc-markdown-theme-0.0.4.tgz#c4337835ee425bf27bc0c6764e60ed7182a317cd"
  dependencies:
    typedoc "^0.3.12"

typedoc@^0.3.12:
  version "0.3.12"
  resolved "https://registry.yarnpkg.com/typedoc/-/typedoc-0.3.12.tgz#eb7bcf8d4548a20cb691ef987588c4072a7f2b2f"
  dependencies:
    fs-extra "^0.22.1"
    handlebars "3.0.3"
    highlight.js "^8.6.0"
    marked "^0.3.3"
    minimatch "^2.0.10"
    progress "^1.1.8"
    shelljs "^0.5.1"
    typedoc-default-themes "0.3.4"
    typescript "1.6.2"

typedoc@^0.5.3:
  version "0.5.3"
  resolved "https://registry.yarnpkg.com/typedoc/-/typedoc-0.5.3.tgz#83d9d42017f41c0406deb2e25fc5c7ba6d7672c0"
  dependencies:
    "@types/fs-extra" "0.0.33"
    "@types/handlebars" "^4.0.31"
    "@types/highlight.js" "^9.1.8"
    "@types/lodash" "^4.14.37"
    "@types/marked" "0.0.28"
    "@types/minimatch" "^2.0.29"
    "@types/shelljs" "^0.3.32"
    fs-extra "^0.30.0"
    handlebars "4.0.5"
    highlight.js "^9.0.0"
    lodash "^4.13.1"
    marked "^0.3.5"
    minimatch "^3.0.0"
    progress "^1.1.8"
    shelljs "^0.7.0"
    typedoc-default-themes "^0.4.0"
    typescript "2.1.4"

typescript@1.6.2:
  version "1.6.2"
  resolved "https://registry.yarnpkg.com/typescript/-/typescript-1.6.2.tgz#5b27254abeb111027cbf9450d3431bc5843191dd"

typescript@2.0.10:
  version "2.0.10"
  resolved "https://registry.yarnpkg.com/typescript/-/typescript-2.0.10.tgz#ccdd4ed86fd5550a407101a0814012e1b3fac3dd"

typescript@2.1.4:
  version "2.1.4"
  resolved "https://registry.yarnpkg.com/typescript/-/typescript-2.1.4.tgz#b53b69fb841126acb1dd4b397d21daba87572251"

uglify-js@^2.6:
  version "2.7.5"
  resolved "https://registry.yarnpkg.com/uglify-js/-/uglify-js-2.7.5.tgz#4612c0c7baaee2ba7c487de4904ae122079f2ca8"
  dependencies:
    async "~0.2.6"
    source-map "~0.5.1"
    uglify-to-browserify "~1.0.0"
    yargs "~3.10.0"

uglify-js@~2.3:
  version "2.3.6"
  resolved "https://registry.yarnpkg.com/uglify-js/-/uglify-js-2.3.6.tgz#fa0984770b428b7a9b2a8058f46355d14fef211a"
  dependencies:
    async "~0.2.6"
    optimist "~0.3.5"
    source-map "~0.1.7"

uglify-to-browserify@~1.0.0:
  version "1.0.2"
  resolved "https://registry.yarnpkg.com/uglify-to-browserify/-/uglify-to-browserify-1.0.2.tgz#6e0924d6bda6b5afe349e39a6d632850a0f882b7"

user-home@^1.1.1:
  version "1.1.1"
  resolved "https://registry.yarnpkg.com/user-home/-/user-home-1.1.1.tgz#2b5be23a32b63a7c9deb8d0f28d485724a3df190"

v8flags@^2.0.11:
  version "2.0.11"
  resolved "https://registry.yarnpkg.com/v8flags/-/v8flags-2.0.11.tgz#bca8f30f0d6d60612cc2c00641e6962d42ae6881"
  dependencies:
    user-home "^1.1.1"

window-size@0.1.0:
  version "0.1.0"
  resolved "https://registry.yarnpkg.com/window-size/-/window-size-0.1.0.tgz#5438cd2ea93b202efa3a19fe8887aee7c94f9c9d"

wordwrap@0.0.2:
  version "0.0.2"
  resolved "https://registry.yarnpkg.com/wordwrap/-/wordwrap-0.0.2.tgz#b79669bb42ecb409f83d583cad52ca17eaa1643f"

wordwrap@~0.0.2:
  version "0.0.3"
  resolved "https://registry.yarnpkg.com/wordwrap/-/wordwrap-0.0.3.tgz#a3d5da6cd5c0bc0008d37234bbaf1bed63059107"

wrappy@1:
  version "1.0.2"
  resolved "https://registry.yarnpkg.com/wrappy/-/wrappy-1.0.2.tgz#b5243d8f3ec1aa35f1364605bc0d1036e30ab69f"

xtend@^4.0.0:
  version "4.0.1"
  resolved "https://registry.yarnpkg.com/xtend/-/xtend-4.0.1.tgz#a5c6d532be656e23db820efb943a1f04998d63af"

yargs@~3.10.0:
  version "3.10.0"
  resolved "https://registry.yarnpkg.com/yargs/-/yargs-3.10.0.tgz#f7ee7bd857dd7c1d2d38c0e74efbd681d1431fd1"
  dependencies:
    camelcase "^1.0.2"
    cliui "^2.1.0"
    decamelize "^1.0.0"
    window-size "0.1.0"

yn@^1.2.0:
  version "1.2.0"
  resolved "https://registry.yarnpkg.com/yn/-/yn-1.2.0.tgz#d237a4c533f279b2b89d3acac2db4b8c795e4a63"

zone.js@~0.7.4:
  version "0.7.4"
  resolved "https://registry.yarnpkg.com/zone.js/-/zone.js-0.7.4.tgz#0e624fe5b724450ee433495deff15c02b3908ee0"
